
Microsoft Visual Studio Solution File, Format Version 12.00
Project("{2150E333-8FDC-42A3-9474-1A3956D46DE8}") = "src", "src", "{F8BBC163-90BB-48CC-B6B0-A3B7DE3A92DC}"
EndProject
Project("{FAE04EC0-301F-11D3-BF4B-00C04F79EFBC}") = "CupCakeService", "CupCakeService.csproj", "{8E5ED156-3906-42FE-97F5-BF6D7FE21B0B}"
EndProject
Global
	GlobalSection(SolutionConfigurationPlatforms) = preSolution
		Debug|Any CPU = Debug|Any CPU
		Release|Any CPU = Release|Any CPU
	EndGlobalSection
	GlobalSection(ProjectConfigurationPlatforms) = postSolution
		{8E5ED156-3906-42FE-97F5-BF6D7FE21B0B}.Debug|Any CPU.ActiveCfg = Debug|Any CPU
		{8E5ED156-3906-42FE-97F5-BF6D7FE21B0B}.Debug|Any CPU.Build.0 = Debug|Any CPU
		{8E5ED156-3906-42FE-97F5-BF6D7FE21B0B}.Release|Any CPU.ActiveCfg = Release|Any CPU
		{8E5ED156-3906-42FE-97F5-BF6D7FE21B0B}.Release|Any CPU.Build.0 = Release|Any CPU
	EndGlobalSection
	GlobalSection(NestedProjects) = preSolution
		{8E5ED156-3906-42FE-97F5-BF6D7FE21B0B} = {F8BBC163-90BB-48CC-B6B0-A3B7DE3A92DC}
	EndGlobalSection
EndGlobal
